
Microsoft Visual Studio Solution File, Format Version 12.00
# Visual Studio Version 16
VisualStudioVersion = 16.0.29503.13
MinimumVisualStudioVersion = 10.0.40219.1
Project("{FAE04EC0-301F-11D3-BF4B-00C04F79EFBC}") = "RadioMaster", "RadioMaster\RadioMaster.csproj", "{179AD6BF-B280-4D7E-9272-3405EBD63DBA}"
EndProject
Global
	GlobalSection(SolutionConfigurationPlatforms) = preSolution
		Debug|Any CPU = Debug|Any CPU
		Release|Any CPU = Release|Any CPU
	EndGlobalSection
	GlobalSection(ProjectConfigurationPlatforms) = postSolution
		{179AD6BF-B280-4D7E-9272-3405EBD63DBA}.Debug|Any CPU.ActiveCfg = Debug|Any CPU
		{179AD6BF-B280-4D7E-9272-3405EBD63DBA}.Debug|Any CPU.Build.0 = Debug|Any CPU
		{179AD6BF-B280-4D7E-9272-3405EBD63DBA}.Release|Any CPU.ActiveCfg = Release|Any CPU
		{179AD6BF-B280-4D7E-9272-3405EBD63DBA}.Release|Any CPU.Build.0 = Release|Any CPU
	EndGlobalSection
	GlobalSection(SolutionProperties) = preSolution
		HideSolutionNode = FALSE
	EndGlobalSection
	GlobalSection(ExtensibilityGlobals) = postSolution
		SolutionGuid = {66D9FC16-C5A1-48B4-BBF0-0C257F73ABE7}
	EndGlobalSection
EndGlobal
